
Microsoft Visual Studio Solution File, Format Version 12.00
# Visual Studio 2013
VisualStudioVersion = 12.0.31101.0
MinimumVisualStudioVersion = 10.0.40219.1
Project("{FAE04EC0-301F-11D3-BF4B-00C04F79EFBC}") = "ExpressionActivator", "src\ExpressionActivator\ExpressionActivator.csproj", "{08EC333B-EE51-4551-B452-4F9E6C83442A}"
EndProject
Project("{FAE04EC0-301F-11D3-BF4B-00C04F79EFBC}") = "ExpressionActivator.Tests", "test\ExpressionActivator.Tests\ExpressionActivator.Tests.csproj", "{DEB41F65-2482-487C-B437-20E7D6F1669D}"
EndProject
Global
	GlobalSection(SolutionConfigurationPlatforms) = preSolution
		Debug|Any CPU = Debug|Any CPU
		Release|Any CPU = Release|Any CPU
	EndGlobalSection
	GlobalSection(ProjectConfigurationPlatforms) = postSolution
		{08EC333B-EE51-4551-B452-4F9E6C83442A}.Debug|Any CPU.ActiveCfg = Debug|Any CPU
		{08EC333B-EE51-4551-B452-4F9E6C83442A}.Debug|Any CPU.Build.0 = Debug|Any CPU
		{08EC333B-EE51-4551-B452-4F9E6C83442A}.Release|Any CPU.ActiveCfg = Release|Any CPU
		{08EC333B-EE51-4551-B452-4F9E6C83442A}.Release|Any CPU.Build.0 = Release|Any CPU
		{DEB41F65-2482-487C-B437-20E7D6F1669D}.Debug|Any CPU.ActiveCfg = Debug|Any CPU
		{DEB41F65-2482-487C-B437-20E7D6F1669D}.Debug|Any CPU.Build.0 = Debug|Any CPU
		{DEB41F65-2482-487C-B437-20E7D6F1669D}.Release|Any CPU.ActiveCfg = Release|Any CPU
		{DEB41F65-2482-487C-B437-20E7D6F1669D}.Release|Any CPU.Build.0 = Release|Any CPU
	EndGlobalSection
	GlobalSection(SolutionProperties) = preSolution
		HideSolutionNode = FALSE
	EndGlobalSection
EndGlobal
